
Microsoft Visual Studio Solution File, Format Version 9.00
# Visual Studio 2005
Project("{8BC9CEB8-8B4A-11D0-8D11-00A0C91BC942}") = "tcharall_gbk_2005", "tcharall_gbk_2005.vcproj", "{7BF9F2E0-4309-4131-8C8D-7EBC4219578B}"
EndProject
Global
	GlobalSection(SolutionConfigurationPlatforms) = preSolution
		Debug|Win32 = Debug|Win32
		Debug|x64 = Debug|x64
		Release|Win32 = Release|Win32
		Release|x64 = Release|x64
	EndGlobalSection
	GlobalSection(ProjectConfigurationPlatforms) = postSolution
		{7BF9F2E0-4309-4131-8C8D-7EBC4219578B}.Debug|Win32.ActiveCfg = Debug|Win32
		{7BF9F2E0-4309-4131-8C8D-7EBC4219578B}.Debug|Win32.Build.0 = Debug|Win32
		{7BF9F2E0-4309-4131-8C8D-7EBC4219578B}.Debug|x64.ActiveCfg = Debug|x64
		{7BF9F2E0-4309-4131-8C8D-7EBC4219578B}.Debug|x64.Build.0 = Debug|x64
		{7BF9F2E0-4309-4131-8C8D-7EBC4219578B}.Release|Win32.ActiveCfg = Release|Win32
		{7BF9F2E0-4309-4131-8C8D-7EBC4219578B}.Release|Win32.Build.0 = Release|Win32
		{7BF9F2E0-4309-4131-8C8D-7EBC4219578B}.Release|x64.ActiveCfg = Release|x64
		{7BF9F2E0-4309-4131-8C8D-7EBC4219578B}.Release|x64.Build.0 = Release|x64
	EndGlobalSection
	GlobalSection(SolutionProperties) = preSolution
		HideSolutionNode = FALSE
	EndGlobalSection
EndGlobal
